
Microsoft Visual Studio Solution File, Format Version 12.00
# Visual Studio 15
VisualStudioVersion = 15.0.28307.168
MinimumVisualStudioVersion = 10.0.40219.1
Project("{FAE04EC0-301F-11D3-BF4B-00C04F79EFBC}") = "SongRecommendAPI", "SongRecommendAPI\SongRecommendAPI.csproj", "{0FE88D78-3BBC-4DEA-BFFE-68FCA525A911}"
EndProject
Global
	GlobalSection(SolutionConfigurationPlatforms) = preSolution
		Debug|Any CPU = Debug|Any CPU
		Release|Any CPU = Release|Any CPU
	EndGlobalSection
	GlobalSection(ProjectConfigurationPlatforms) = postSolution
		{0FE88D78-3BBC-4DEA-BFFE-68FCA525A911}.Debug|Any CPU.ActiveCfg = Debug|Any CPU
		{0FE88D78-3BBC-4DEA-BFFE-68FCA525A911}.Debug|Any CPU.Build.0 = Debug|Any CPU
		{0FE88D78-3BBC-4DEA-BFFE-68FCA525A911}.Release|Any CPU.ActiveCfg = Release|Any CPU
		{0FE88D78-3BBC-4DEA-BFFE-68FCA525A911}.Release|Any CPU.Build.0 = Release|Any CPU
	EndGlobalSection
	GlobalSection(SolutionProperties) = preSolution
		HideSolutionNode = FALSE
	EndGlobalSection
	GlobalSection(ExtensibilityGlobals) = postSolution
		SolutionGuid = {C90A31CE-DB60-42C5-B6AC-96866507A045}
	EndGlobalSection
EndGlobal
